// !$*UTF8*$!
{
	archiveVersion = 1;
	classes = {
	};
	objectVersion = 46;
	objects = {

/* Begin PBXBuildFile section */
		33B2258F15EB34D3008D9A42 /* main.cpp in Sources */ = {isa = PBXBuildFile; fileRef = 33B2258E15EB34D3008D9A42 /* main.cpp */; };
		33B2259115EB34D3008D9A42 /* SmartCrop.1 in CopyFiles */ = {isa = PBXBuildFile; fileRef = 33B2259015EB34D3008D9A42 /* SmartCrop.1 */; };
		33B2259815EB35E9008D9A42 /* libjpeg.a in Frameworks */ = {isa = PBXBuildFile; fileRef = 33B2259715EB35E9008D9A42 /* libjpeg.a */; };
/* End PBXBuildFile section */

/* Begin PBXCopyFilesBuildPhase section */
		33B2258815EB34D3008D9A42 /* CopyFiles */ = {
			isa = PBXCopyFilesBuildPhase;
			buildActionMask = 2147483647;
			dstPath = /usr/share/man/man1/;
			dstSubfolderSpec = 0;
			files = (
				33B2259115EB34D3008D9A42 /* SmartCrop.1 in CopyFiles */,
			);
			runOnlyForDeploymentPostprocessing = 1;
		};
/* End PBXCopyFilesBuildPhase section */

/* Begin PBXFileReference section */
		33B2258A15EB34D3008D9A42 /* SmartCrop */ = {isa = PBXFileReference; explicitFileType = "compiled.mach-o.executable"; includeInIndex = 0; path = SmartCrop; sourceTree = BUILT_PRODUCTS_DIR; };
		33B2258E15EB34D3008D9A42 /* main.cpp */ = {isa = PBXFileReference; lastKnownFileType = sourcecode.cpp.cpp; path = main.cpp; sourceTree = "<group>"; };
		33B2259015EB34D3008D9A42 /* SmartCrop.1 */ = {isa = PBXFileReference; lastKnownFileType = text.man; path = SmartCrop.1; sourceTree = "<group>"; };
		33B2259715EB35E9008D9A42 /* libjpeg.a */ = {isa = PBXFileReference; lastKnownFileType = archive.ar; name = libjpeg.a; path = ../../../usr/local/Cellar/jpeg/8c/lib/libjpeg.a; sourceTree = "<group>"; };
		33B2259B15EB3654008D9A42 /* jconfig.h */ = {isa = PBXFileReference; lastKnownFileType = sourcecode.c.h; path = jconfig.h; sourceTree = "<group>"; };
		33B2259C15EB3654008D9A42 /* jerror.h */ = {isa = PBXFileReference; lastKnownFileType = sourcecode.c.h; path = jerror.h; sourceTree = "<group>"; };
		33B2259D15EB3654008D9A42 /* jmorecfg.h */ = {isa = PBXFileReference; lastKnownFileType = sourcecode.c.h; path = jmorecfg.h; sourceTree = "<group>"; };
		33B2259E15EB3654008D9A42 /* jpeglib.h */ = {isa = PBXFileReference; lastKnownFileType = sourcecode.c.h; path = jpeglib.h; sourceTree = "<group>"; };
/* End PBXFileReference section */

/* Begin PBXFrameworksBuildPhase section */
		33B2258715EB34D3008D9A42 /* Frameworks */ = {
			isa = PBXFrameworksBuildPhase;
			buildActionMask = 2147483647;
			files = (
				33B2259815EB35E9008D9A42 /* libjpeg.a in Frameworks */,
			);
			runOnlyForDeploymentPostprocessing = 0;
		};
/* End PBXFrameworksBuildPhase section */

/* Begin PBXGroup section */
		33B2257F15EB34D3008D9A42 = {
			isa = PBXGroup;
			children = (
				33B2259715EB35E9008D9A42 /* libjpeg.a */,
				33B2259F15EB3658008D9A42 /* JPEG Headers */,
				33B2258D15EB34D3008D9A42 /* SmartCrop */,
				33B2258B15EB34D3008D9A42 /* Products */,
			);
			sourceTree = "<group>";
		};
		33B2258B15EB34D3008D9A42 /* Products */ = {
			isa = PBXGroup;
			children = (
				33B2258A15EB34D3008D9A42 /* SmartCrop */,
			);
			name = Products;
			sourceTree = "<group>";
		};
		33B2258D15EB34D3008D9A42 /* SmartCrop */ = {
			isa = PBXGroup;
			children = (
				33B2258E15EB34D3008D9A42 /* main.cpp */,
				33B2259015EB34D3008D9A42 /* SmartCrop.1 */,
			);
			path = SmartCrop;
			sourceTree = "<group>";
		};
		33B2259F15EB3658008D9A42 /* JPEG Headers */ = {
			isa = PBXGroup;
			children = (
				33B2259B15EB3654008D9A42 /* jconfig.h */,
				33B2259C15EB3654008D9A42 /* jerror.h */,
				33B2259D15EB3654008D9A42 /* jmorecfg.h */,
				33B2259E15EB3654008D9A42 /* jpeglib.h */,
			);
			name = "JPEG Headers";
			sourceTree = "<group>";
		};
/* End PBXGroup section */

/* Begin PBXNativeTarget section */
		33B2258915EB34D3008D9A42 /* SmartCrop */ = {
			isa = PBXNativeTarget;
			buildConfigurationList = 33B2259415EB34D3008D9A42 /* Build configuration list for PBXNativeTarget "SmartCrop" */;
			buildPhases = (
				33B2258615EB34D3008D9A42 /* Sources */,
				33B2258715EB34D3008D9A42 /* Frameworks */,
				33B2258815EB34D3008D9A42 /* CopyFiles */,
			);
			buildRules = (
			);
			dependencies = (
			);
			name = SmartCrop;
			productName = SmartCrop;
			productReference = 33B2258A15EB34D3008D9A42 /* SmartCrop */;
			productType = "com.apple.product-type.tool";
		};
/* End PBXNativeTarget section */

/* Begin PBXProject section */
		33B2258115EB34D3008D9A42 /* Project object */ = {
			isa = PBXProject;
			attributes = {
				LastUpgradeCheck = 0430;
			};
			buildConfigurationList = 33B2258415EB34D3008D9A42 /* Build configuration list for PBXProject "SmartCrop" */;
			compatibilityVersion = "Xcode 3.2";
			developmentRegion = English;
			hasScannedForEncodings = 0;
			knownRegions = (
				en,
			);
			mainGroup = 33B2257F15EB34D3008D9A42;
			productRefGroup = 33B2258B15EB34D3008D9A42 /* Products */;
			projectDirPath = "";
			projectRoot = "";
			targets = (
				33B2258915EB34D3008D9A42 /* SmartCrop */,
			);
		};
/* End PBXProject section */

/* Begin PBXSourcesBuildPhase section */
		33B2258615EB34D3008D9A42 /* Sources */ = {
			isa = PBXSourcesBuildPhase;
			buildActionMask = 2147483647;
			files = (
				33B2258F15EB34D3008D9A42 /* main.cpp in Sources */,
			);
			runOnlyForDeploymentPostprocessing = 0;
		};
/* End PBXSourcesBuildPhase section */

/* Begin XCBuildConfiguration section */
		33B2259215EB34D3008D9A42 /* Debug */ = {
			isa = XCBuildConfiguration;
			buildSettings = {
				ALWAYS_SEARCH_USER_PATHS = NO;
				ARCHS = "$(ARCHS_STANDARD_64_BIT)";
				COPY_PHASE_STRIP = NO;
				GCC_C_LANGUAGE_STANDARD = gnu99;
				GCC_DYNAMIC_NO_PIC = NO;
				GCC_ENABLE_OBJC_EXCEPTIONS = YES;
				GCC_OPTIMIZATION_LEVEL = 0;
				GCC_PREPROCESSOR_DEFINITIONS = (
					"DEBUG=1",
					"$(inherited)",
				);
				GCC_SYMBOLS_PRIVATE_EXTERN = NO;
				GCC_VERSION = com.apple.compilers.llvm.clang.1_0;
				GCC_WARN_64_TO_32_BIT_CONVERSION = YES;
				GCC_WARN_ABOUT_RETURN_TYPE = YES;
				GCC_WARN_UNINITIALIZED_AUTOS = YES;
				GCC_WARN_UNUSED_VARIABLE = YES;
				MACOSX_DEPLOYMENT_TARGET = 10.7;
				ONLY_ACTIVE_ARCH = YES;
				SDKROOT = macosx;
			};
			name = Debug;
		};
		33B2259315EB34D3008D9A42 /* Release */ = {
			isa = XCBuildConfiguration;
			buildSettings = {
				ALWAYS_SEARCH_USER_PATHS = NO;
				ARCHS = "$(ARCHS_STANDARD_64_BIT)";
				COPY_PHASE_STRIP = YES;
				DEBUG_INFORMATION_FORMAT = "dwarf-with-dsym";
				GCC_C_LANGUAGE_STANDARD = gnu99;
				GCC_ENABLE_OBJC_EXCEPTIONS = YES;
				GCC_VERSION = com.apple.compilers.llvm.clang.1_0;
				GCC_WARN_64_TO_32_BIT_CONVERSION = YES;
				GCC_WARN_ABOUT_RETURN_TYPE = YES;
				GCC_WARN_UNINITIALIZED_AUTOS = YES;
				GCC_WARN_UNUSED_VARIABLE = YES;
				MACOSX_DEPLOYMENT_TARGET = 10.7;
				SDKROOT = macosx;
			};
			name = Release;
		};
		33B2259515EB34D3008D9A42 /* Debug */ = {
			isa = XCBuildConfiguration;
			buildSettings = {
				LIBRARY_SEARCH_PATHS = (
					"$(inherited)",
					/usr/local/Cellar/jpeg/8c/lib,
				);
				PRODUCT_NAME = "$(TARGET_NAME)";
			};
			name = Debug;
		};
		33B2259615EB34D3008D9A42 /* Release */ = {
			isa = XCBuildConfiguration;
			buildSettings = {
				LIBRARY_SEARCH_PATHS = (
					"$(inherited)",
					/usr/local/Cellar/jpeg/8c/lib,
				);
				PRODUCT_NAME = "$(TARGET_NAME)";
			};
			name = Release;
		};
/* End XCBuildConfiguration section */

/* Begin XCConfigurationList section */
		33B2258415EB34D3008D9A42 /* Build configuration list for PBXProject "SmartCrop" */ = {
			isa = XCConfigurationList;
			buildConfigurations = (
				33B2259215EB34D3008D9A42 /* Debug */,
				33B2259315EB34D3008D9A42 /* Release */,
			);
			defaultConfigurationIsVisible = 0;
			defaultConfigurationName = Release;
		};
		33B2259415EB34D3008D9A42 /* Build configuration list for PBXNativeTarget "SmartCrop" */ = {
			isa = XCConfigurationList;
			buildConfigurations = (
				33B2259515EB34D3008D9A42 /* Debug */,
				33B2259615EB34D3008D9A42 /* Release */,
			);
			defaultConfigurationIsVisible = 0;
		};
/* End XCConfigurationList section */
	};
	rootObject = 33B2258115EB34D3008D9A42 /* Project object */;
}
